lockfileVersion: '9.0'

settings:
  autoInstallPeers: true
  excludeLinksFromLockfile: false

importers:

  .:
    dependencies:
      '@hookform/resolvers':
        specifier: ^5.1.1
        version: 5.1.1(react-hook-form@7.60.0(react@19.1.0))
      react-hook-form:
        specifier: ^7.60.0
        version: 7.60.0(react@19.1.0)
      zod:
        specifier: ^4.0.5
        version: 4.0.5

packages:

  '@hookform/resolvers@5.1.1':
    resolution: {integrity: sha512-J/NVING3LMAEvexJkyTLjruSm7aOFx7QX21pzkiJfMoNG0wl5aFEjLTl7ay7IQb9EWY6AkrBy7tHL2Alijpdcg==}
    peerDependencies:
      react-hook-form: ^7.55.0

  '@standard-schema/utils@0.3.0':
    resolution: {integrity: sha512-e7Mew686owMaPJVNNLs55PUvgz371nKgwsc4vxE49zsODpJEnxgxRo2y/OKrqueavXgZNMDVj3DdHFlaSAeU8g==}

  react-hook-form@7.60.0:
    resolution: {integrity: sha512-SBrYOvMbDB7cV8ZfNpaiLcgjH/a1c7aK0lK+aNigpf4xWLO8q+o4tcvVurv3c4EOyzn/3dCsYt4GKD42VvJ/+A==}
    engines: {node: '>=18.0.0'}
    peerDependencies:
      react: ^16.8.0 || ^17 || ^18 || ^19

  react@19.1.0:
    resolution: {integrity: sha512-FS+XFBNvn3GTAWq26joslQgWNoFu08F4kl0J4CgdNKADkdSGXQyTCnKteIAJy96Br6YbpEU1LSzV5dYtjMkMDg==}
    engines: {node: '>=0.10.0'}

  zod@4.0.5:
    resolution: {integrity: sha512-/5UuuRPStvHXu7RS+gmvRf4NXrNxpSllGwDnCBcJZtQsKrviYXm54yDGV2KYNLT5kq0lHGcl7lqWJLgSaG+tgA==}

snapshots:

  '@hookform/resolvers@5.1.1(react-hook-form@7.60.0(react@19.1.0))':
    dependencies:
      '@standard-schema/utils': 0.3.0
      react-hook-form: 7.60.0(react@19.1.0)

  '@standard-schema/utils@0.3.0': {}

  react-hook-form@7.60.0(react@19.1.0):
    dependencies:
      react: 19.1.0

  react@19.1.0: {}

  zod@4.0.5: {}
